
Microsoft Visual Studio Solution File, Format Version 12.00
# Visual Studio Version 17
VisualStudioVersion = 17.4.33403.182
MinimumVisualStudioVersion = 10.0.40219.1
Project("{FAE04EC0-301F-11D3-BF4B-00C04F79EFBC}") = "ExpressionTreeViaLambda", "ExpressionTreeViaLambda.csproj", "{90C0B834-8636-4FF4-9092-33E367510C16}"
EndProject
Global
	GlobalSection(SolutionConfigurationPlatforms) = preSolution
		Debug|Any CPU = Debug|Any CPU
		Release|Any CPU = Release|Any CPU
	EndGlobalSection
	GlobalSection(ProjectConfigurationPlatforms) = postSolution
		{90C0B834-8636-4FF4-9092-33E367510C16}.Debug|Any CPU.ActiveCfg = Debug|Any CPU
		{90C0B834-8636-4FF4-9092-33E367510C16}.Debug|Any CPU.Build.0 = Debug|Any CPU
		{90C0B834-8636-4FF4-9092-33E367510C16}.Release|Any CPU.ActiveCfg = Release|Any CPU
		{90C0B834-8636-4FF4-9092-33E367510C16}.Release|Any CPU.Build.0 = Release|Any CPU
	EndGlobalSection
	GlobalSection(SolutionProperties) = preSolution
		HideSolutionNode = FALSE
	EndGlobalSection
	GlobalSection(ExtensibilityGlobals) = postSolution
		SolutionGuid = {E1E55723-14B6-4D70-B962-02E8CF453F61}
	EndGlobalSection
EndGlobal
