
Microsoft Visual Studio Solution File, Format Version 12.00
# Visual Studio Version 17
VisualStudioVersion = 17.5.33414.496
MinimumVisualStudioVersion = 10.0.40219.1
Project("{FAE04EC0-301F-11D3-BF4B-00C04F79EFBC}") = "Synchronize", "Synchronize.csproj", "{55D565B2-470E-4D43-B470-EB73F1ACA92C}"
EndProject
Global
	GlobalSection(SolutionConfigurationPlatforms) = preSolution
		Debug|Any CPU = Debug|Any CPU
		Release|Any CPU = Release|Any CPU
	EndGlobalSection
	GlobalSection(ProjectConfigurationPlatforms) = postSolution
		{55D565B2-470E-4D43-B470-EB73F1ACA92C}.Debug|Any CPU.ActiveCfg = Debug|Any CPU
		{55D565B2-470E-4D43-B470-EB73F1ACA92C}.Debug|Any CPU.Build.0 = Debug|Any CPU
		{55D565B2-470E-4D43-B470-EB73F1ACA92C}.Release|Any CPU.ActiveCfg = Release|Any CPU
		{55D565B2-470E-4D43-B470-EB73F1ACA92C}.Release|Any CPU.Build.0 = Release|Any CPU
	EndGlobalSection
	GlobalSection(SolutionProperties) = preSolution
		HideSolutionNode = FALSE
	EndGlobalSection
	GlobalSection(ExtensibilityGlobals) = postSolution
		SolutionGuid = {6552C3FB-8D7A-44DF-BB63-4337E6F60FB0}
	EndGlobalSection
EndGlobal
