
Microsoft Visual Studio Solution File, Format Version 12.00
# Visual Studio Version 17
VisualStudioVersion = 17.5.33414.496
MinimumVisualStudioVersion = 10.0.40219.1
Project("{FAE04EC0-301F-11D3-BF4B-00C04F79EFBC}") = "SimpleWindow", "SimpleWindow.csproj", "{A3C4D13F-94C7-47BE-A27A-27D4D7475F43}"
EndProject
Global
	GlobalSection(SolutionConfigurationPlatforms) = preSolution
		Debug|Any CPU = Debug|Any CPU
		Release|Any CPU = Release|Any CPU
	EndGlobalSection
	GlobalSection(ProjectConfigurationPlatforms) = postSolution
		{A3C4D13F-94C7-47BE-A27A-27D4D7475F43}.Debug|Any CPU.ActiveCfg = Debug|Any CPU
		{A3C4D13F-94C7-47BE-A27A-27D4D7475F43}.Debug|Any CPU.Build.0 = Debug|Any CPU
		{A3C4D13F-94C7-47BE-A27A-27D4D7475F43}.Release|Any CPU.ActiveCfg = Release|Any CPU
		{A3C4D13F-94C7-47BE-A27A-27D4D7475F43}.Release|Any CPU.Build.0 = Release|Any CPU
	EndGlobalSection
	GlobalSection(SolutionProperties) = preSolution
		HideSolutionNode = FALSE
	EndGlobalSection
	GlobalSection(ExtensibilityGlobals) = postSolution
		SolutionGuid = {EA777551-F984-40E5-BB4B-B3581D58D008}
	EndGlobalSection
EndGlobal
