
Microsoft Visual Studio Solution File, Format Version 12.00
# Visual Studio Version 17
VisualStudioVersion = 17.4.33213.308
MinimumVisualStudioVersion = 10.0.40219.1
Project("{FAE04EC0-301F-11D3-BF4B-00C04F79EFBC}") = "Hello", "Hello.csproj", "{60899B31-93FC-453C-9643-FB7B9594C164}"
EndProject
Global
	GlobalSection(SolutionConfigurationPlatforms) = preSolution
		Debug|Any CPU = Debug|Any CPU
		Release|Any CPU = Release|Any CPU
	EndGlobalSection
	GlobalSection(ProjectConfigurationPlatforms) = postSolution
		{60899B31-93FC-453C-9643-FB7B9594C164}.Debug|Any CPU.ActiveCfg = Debug|Any CPU
		{60899B31-93FC-453C-9643-FB7B9594C164}.Debug|Any CPU.Build.0 = Debug|Any CPU
		{60899B31-93FC-453C-9643-FB7B9594C164}.Release|Any CPU.ActiveCfg = Release|Any CPU
		{60899B31-93FC-453C-9643-FB7B9594C164}.Release|Any CPU.Build.0 = Release|Any CPU
	EndGlobalSection
	GlobalSection(SolutionProperties) = preSolution
		HideSolutionNode = FALSE
	EndGlobalSection
	GlobalSection(ExtensibilityGlobals) = postSolution
		SolutionGuid = {BD19BBCE-B27A-48EA-BC82-2DE258DE9FDC}
	EndGlobalSection
EndGlobal
