
Microsoft Visual Studio Solution File, Format Version 12.00
# Visual Studio Version 17
VisualStudioVersion = 17.5.33414.496
MinimumVisualStudioVersion = 10.0.40219.1
Project("{9A19103F-16F7-4668-BE54-9A1E7A4F7556}") = "FUP", "FUP.csproj", "{7EAC1142-EDBE-44CB-A2A4-4C587FFCED12}"
EndProject
Global
	GlobalSection(SolutionConfigurationPlatforms) = preSolution
		Debug|Any CPU = Debug|Any CPU
		Release|Any CPU = Release|Any CPU
	EndGlobalSection
	GlobalSection(ProjectConfigurationPlatforms) = postSolution
		{7EAC1142-EDBE-44CB-A2A4-4C587FFCED12}.Debug|Any CPU.ActiveCfg = Debug|Any CPU
		{7EAC1142-EDBE-44CB-A2A4-4C587FFCED12}.Debug|Any CPU.Build.0 = Debug|Any CPU
		{7EAC1142-EDBE-44CB-A2A4-4C587FFCED12}.Release|Any CPU.ActiveCfg = Release|Any CPU
		{7EAC1142-EDBE-44CB-A2A4-4C587FFCED12}.Release|Any CPU.Build.0 = Release|Any CPU
	EndGlobalSection
	GlobalSection(SolutionProperties) = preSolution
		HideSolutionNode = FALSE
	EndGlobalSection
	GlobalSection(ExtensibilityGlobals) = postSolution
		SolutionGuid = {1797C083-26FA-45EA-848F-6EDCBCCFF0D4}
	EndGlobalSection
EndGlobal
