
Microsoft Visual Studio Solution File, Format Version 12.00
# Visual Studio Version 17
VisualStudioVersion = 17.4.33213.308
MinimumVisualStudioVersion = 10.0.40219.1
Project("{FAE04EC0-301F-11D3-BF4B-00C04F79EFBC}") = "PropertiesInInterface", "PropertiesInInterface.csproj", "{587A8EB6-22EF-4C86-BD01-7CA7F46BA215}"
EndProject
Global
	GlobalSection(SolutionConfigurationPlatforms) = preSolution
		Debug|Any CPU = Debug|Any CPU
		Release|Any CPU = Release|Any CPU
	EndGlobalSection
	GlobalSection(ProjectConfigurationPlatforms) = postSolution
		{587A8EB6-22EF-4C86-BD01-7CA7F46BA215}.Debug|Any CPU.ActiveCfg = Debug|Any CPU
		{587A8EB6-22EF-4C86-BD01-7CA7F46BA215}.Debug|Any CPU.Build.0 = Debug|Any CPU
		{587A8EB6-22EF-4C86-BD01-7CA7F46BA215}.Release|Any CPU.ActiveCfg = Release|Any CPU
		{587A8EB6-22EF-4C86-BD01-7CA7F46BA215}.Release|Any CPU.Build.0 = Release|Any CPU
	EndGlobalSection
	GlobalSection(SolutionProperties) = preSolution
		HideSolutionNode = FALSE
	EndGlobalSection
	GlobalSection(ExtensibilityGlobals) = postSolution
		SolutionGuid = {DAA3BE4A-D4E2-4785-8D7E-928BB827BD66}
	EndGlobalSection
EndGlobal
