
Microsoft Visual Studio Solution File, Format Version 12.00
# Visual Studio Version 17
VisualStudioVersion = 17.4.33403.182
MinimumVisualStudioVersion = 10.0.40219.1
Project("{FAE04EC0-301F-11D3-BF4B-00C04F79EFBC}") = "SerializingCollection", "SerializingCollection.csproj", "{9D590566-6B63-44CE-A1A9-774C7CA6ED63}"
EndProject
Global
	GlobalSection(SolutionConfigurationPlatforms) = preSolution
		Debug|Any CPU = Debug|Any CPU
		Release|Any CPU = Release|Any CPU
	EndGlobalSection
	GlobalSection(ProjectConfigurationPlatforms) = postSolution
		{9D590566-6B63-44CE-A1A9-774C7CA6ED63}.Debug|Any CPU.ActiveCfg = Debug|Any CPU
		{9D590566-6B63-44CE-A1A9-774C7CA6ED63}.Debug|Any CPU.Build.0 = Debug|Any CPU
		{9D590566-6B63-44CE-A1A9-774C7CA6ED63}.Release|Any CPU.ActiveCfg = Release|Any CPU
		{9D590566-6B63-44CE-A1A9-774C7CA6ED63}.Release|Any CPU.Build.0 = Release|Any CPU
	EndGlobalSection
	GlobalSection(SolutionProperties) = preSolution
		HideSolutionNode = FALSE
	EndGlobalSection
	GlobalSection(ExtensibilityGlobals) = postSolution
		SolutionGuid = {A82B6BAC-34BB-42BD-BAA8-E46A73CB68ED}
	EndGlobalSection
EndGlobal
