
Microsoft Visual Studio Solution File, Format Version 12.00
# Visual Studio Version 17
VisualStudioVersion = 17.5.33424.131
MinimumVisualStudioVersion = 10.0.40219.1
Project("{FAE04EC0-301F-11D3-BF4B-00C04F79EFBC}") = "FileSender", "FileSender.csproj", "{437EDB08-ADE0-422D-86C6-638206F89623}"
EndProject
Global
	GlobalSection(SolutionConfigurationPlatforms) = preSolution
		Debug|Any CPU = Debug|Any CPU
		Release|Any CPU = Release|Any CPU
	EndGlobalSection
	GlobalSection(ProjectConfigurationPlatforms) = postSolution
		{437EDB08-ADE0-422D-86C6-638206F89623}.Debug|Any CPU.ActiveCfg = Debug|Any CPU
		{437EDB08-ADE0-422D-86C6-638206F89623}.Debug|Any CPU.Build.0 = Debug|Any CPU
		{437EDB08-ADE0-422D-86C6-638206F89623}.Release|Any CPU.ActiveCfg = Release|Any CPU
		{437EDB08-ADE0-422D-86C6-638206F89623}.Release|Any CPU.Build.0 = Release|Any CPU
	EndGlobalSection
	GlobalSection(SolutionProperties) = preSolution
		HideSolutionNode = FALSE
	EndGlobalSection
	GlobalSection(ExtensibilityGlobals) = postSolution
		SolutionGuid = {BC97D067-6F89-4E89-845D-5FF1C9A3BA3F}
	EndGlobalSection
EndGlobal
