
Microsoft Visual Studio Solution File, Format Version 12.00
# Visual Studio Version 17
VisualStudioVersion = 17.4.33403.182
MinimumVisualStudioVersion = 10.0.40219.1
Project("{FAE04EC0-301F-11D3-BF4B-00C04F79EFBC}") = "GroupBy", "GroupBy.csproj", "{BB9CFDCF-CF06-4B3F-8C4C-7C8D61D0DF40}"
EndProject
Global
	GlobalSection(SolutionConfigurationPlatforms) = preSolution
		Debug|Any CPU = Debug|Any CPU
		Release|Any CPU = Release|Any CPU
	EndGlobalSection
	GlobalSection(ProjectConfigurationPlatforms) = postSolution
		{BB9CFDCF-CF06-4B3F-8C4C-7C8D61D0DF40}.Debug|Any CPU.ActiveCfg = Debug|Any CPU
		{BB9CFDCF-CF06-4B3F-8C4C-7C8D61D0DF40}.Debug|Any CPU.Build.0 = Debug|Any CPU
		{BB9CFDCF-CF06-4B3F-8C4C-7C8D61D0DF40}.Release|Any CPU.ActiveCfg = Release|Any CPU
		{BB9CFDCF-CF06-4B3F-8C4C-7C8D61D0DF40}.Release|Any CPU.Build.0 = Release|Any CPU
	EndGlobalSection
	GlobalSection(SolutionProperties) = preSolution
		HideSolutionNode = FALSE
	EndGlobalSection
	GlobalSection(ExtensibilityGlobals) = postSolution
		SolutionGuid = {7484BC0E-4B54-433E-BC3A-49A30AB6472A}
	EndGlobalSection
EndGlobal
