
Microsoft Visual Studio Solution File, Format Version 12.00
# Visual Studio Version 17
VisualStudioVersion = 17.5.33414.496
MinimumVisualStudioVersion = 10.0.40219.1
Project("{FAE04EC0-301F-11D3-BF4B-00C04F79EFBC}") = "BasicThread", "BasicThread.csproj", "{AEDD4068-8B77-4F64-9474-53E7EC6D7898}"
EndProject
Global
	GlobalSection(SolutionConfigurationPlatforms) = preSolution
		Debug|Any CPU = Debug|Any CPU
		Release|Any CPU = Release|Any CPU
	EndGlobalSection
	GlobalSection(ProjectConfigurationPlatforms) = postSolution
		{AEDD4068-8B77-4F64-9474-53E7EC6D7898}.Debug|Any CPU.ActiveCfg = Debug|Any CPU
		{AEDD4068-8B77-4F64-9474-53E7EC6D7898}.Debug|Any CPU.Build.0 = Debug|Any CPU
		{AEDD4068-8B77-4F64-9474-53E7EC6D7898}.Release|Any CPU.ActiveCfg = Release|Any CPU
		{AEDD4068-8B77-4F64-9474-53E7EC6D7898}.Release|Any CPU.Build.0 = Release|Any CPU
	EndGlobalSection
	GlobalSection(SolutionProperties) = preSolution
		HideSolutionNode = FALSE
	EndGlobalSection
	GlobalSection(ExtensibilityGlobals) = postSolution
		SolutionGuid = {D6293BF0-69D4-4F3F-8352-A89452908673}
	EndGlobalSection
EndGlobal
